
Microsoft Visual Studio Solution File, Format Version 12.00
# Visual Studio Version 16
VisualStudioVersion = 16.0.31019.35
MinimumVisualStudioVersion = 10.0.40219.1
Project("{FAE04EC0-301F-11D3-BF4B-00C04F79EFBC}") = "PharmacyDB", "PharmacyDB\PharmacyDB.csproj", "{3337A583-B0CB-41BE-95D1-866FB7504BE7}"
EndProject
Global
	GlobalSection(SolutionConfigurationPlatforms) = preSolution
		Debug|Any CPU = Debug|Any CPU
		Release|Any CPU = Release|Any CPU
	EndGlobalSection
	GlobalSection(ProjectConfigurationPlatforms) = postSolution
		{3337A583-B0CB-41BE-95D1-866FB7504BE7}.Debug|Any CPU.ActiveCfg = Debug|Any CPU
		{3337A583-B0CB-41BE-95D1-866FB7504BE7}.Debug|Any CPU.Build.0 = Debug|Any CPU
		{3337A583-B0CB-41BE-95D1-866FB7504BE7}.Release|Any CPU.ActiveCfg = Release|Any CPU
		{3337A583-B0CB-41BE-95D1-866FB7504BE7}.Release|Any CPU.Build.0 = Release|Any CPU
	EndGlobalSection
	GlobalSection(SolutionProperties) = preSolution
		HideSolutionNode = FALSE
	EndGlobalSection
	GlobalSection(ExtensibilityGlobals) = postSolution
		SolutionGuid = {D7533B4A-5862-4726-8386-50B844C10D58}
	EndGlobalSection
EndGlobal
